# This file is automatically @generated by Cargo.
# It is not intended for manual editing.
version = 4

[[package]]
name = "hakos-abi"
version = "0.1.0"

[[package]]
name = "hakos-ai-core"
version = "0.1.0"

[[package]]
name = "hakos-arch-x86_64"
version = "0.1.0"
dependencies = [
 "hakos-abi",
 "hakos-hal",
]

[[package]]
name = "hakos-boot"
version = "0.1.0"
dependencies = [
 "hakos-abi",
]

[[package]]
name = "hakos-compat"
version = "0.1.0"

[[package]]
name = "hakos-desktop"
version = "0.1.0"

[[package]]
name = "hakos-drivers"
version = "0.1.0"
dependencies = [
 "hakos-abi",
 "hakos-fs",
 "hakos-hal",
 "hakos-net",
]

[[package]]
name = "hakos-fs"
version = "0.1.0"

[[package]]
name = "hakos-hal"
version = "0.1.0"
dependencies = [
 "hakos-abi",
]

[[package]]
name = "hakos-ipc"
version = "0.1.0"

[[package]]
name = "hakos-kernel"
version = "0.1.0"
dependencies = [
 "hakos-abi",
 "hakos-ai-core",
 "hakos-arch-x86_64",
 "hakos-boot",
 "hakos-compat",
 "hakos-desktop",
 "hakos-drivers",
 "hakos-fs",
 "hakos-hal",
 "hakos-ipc",
 "hakos-net",
 "hakos-nl-shell",
 "hakos-power",
 "hakos-runtime",
 "hakos-security",
 "hakos-userland",
]

[[package]]
name = "hakos-net"
version = "0.1.0"

[[package]]
name = "hakos-nl-shell"
version = "0.1.0"
dependencies = [
 "hakos-ai-core",
 "hakos-compat",
 "hakos-runtime",
]

[[package]]
name = "hakos-power"
version = "0.1.0"
dependencies = [
 "hakos-abi",
]

[[package]]
name = "hakos-runtime"
version = "0.1.0"
dependencies = [
 "hakos-abi",
]

[[package]]
name = "hakos-security"
version = "0.1.0"
dependencies = [
 "hakos-ipc",
]

[[package]]
name = "hakos-userland"
version = "0.1.0"
dependencies = [
 "hakos-abi",
]
